
Microsoft Visual Studio Solution File, Format Version 12.00
Project("{FAE04EC0-301F-11D3-BF4B-00C04F79EFBC}") = "VrcAffinitySetter", "VrcAffinitySetter\VrcAffinitySetter.csproj", "{4F0383BF-3F12-43B2-81FE-6ED7891EE091}"
EndProject
Global
	GlobalSection(SolutionConfigurationPlatforms) = preSolution
		Debug|Any CPU = Debug|Any CPU
		Release|Any CPU = Release|Any CPU
		Release_x64|Any CPU = Release_x64|Any CPU
	EndGlobalSection
	GlobalSection(ProjectConfigurationPlatforms) = postSolution
		{4F0383BF-3F12-43B2-81FE-6ED7891EE091}.Debug|Any CPU.ActiveCfg = Debug|Any CPU
		{4F0383BF-3F12-43B2-81FE-6ED7891EE091}.Debug|Any CPU.Build.0 = Debug|Any CPU
		{4F0383BF-3F12-43B2-81FE-6ED7891EE091}.Release|Any CPU.ActiveCfg = Release|Any CPU
		{4F0383BF-3F12-43B2-81FE-6ED7891EE091}.Release|Any CPU.Build.0 = Release|Any CPU
		{4F0383BF-3F12-43B2-81FE-6ED7891EE091}.Release_x64|Any CPU.ActiveCfg = Release_x64|Any CPU
		{4F0383BF-3F12-43B2-81FE-6ED7891EE091}.Release_x64|Any CPU.Build.0 = Release_x64|Any CPU
	EndGlobalSection
EndGlobal
